
Microsoft Visual Studio Solution File, Format Version 12.00
# Visual Studio Version 16
VisualStudioVersion = 16.0.31112.23
MinimumVisualStudioVersion = 10.0.40219.1
Project("{FAE04EC0-301F-11D3-BF4B-00C04F79EFBC}") = "HelloWorld", "HelloWorld\HelloWorld.csproj", "{DFCBA6F8-2334-46B8-8CDB-D361532A2A7E}"
EndProject
Global
	GlobalSection(SolutionConfigurationPlatforms) = preSolution
		Debug|Any CPU = Debug|Any CPU
		Release|Any CPU = Release|Any CPU
	EndGlobalSection
	GlobalSection(ProjectConfigurationPlatforms) = postSolution
		{DFCBA6F8-2334-46B8-8CDB-D361532A2A7E}.Debug|Any CPU.ActiveCfg = Debug|Any CPU
		{DFCBA6F8-2334-46B8-8CDB-D361532A2A7E}.Debug|Any CPU.Build.0 = Debug|Any CPU
		{DFCBA6F8-2334-46B8-8CDB-D361532A2A7E}.Release|Any CPU.ActiveCfg = Release|Any CPU
		{DFCBA6F8-2334-46B8-8CDB-D361532A2A7E}.Release|Any CPU.Build.0 = Release|Any CPU
	EndGlobalSection
	GlobalSection(SolutionProperties) = preSolution
		HideSolutionNode = FALSE
	EndGlobalSection
	GlobalSection(ExtensibilityGlobals) = postSolution
		SolutionGuid = {A32B62BA-43F9-4C6D-9A1B-2B7A496A6EFB}
	EndGlobalSection
EndGlobal
